
Microsoft Visual Studio Solution File, Format Version 12.00
# Visual Studio Version 17
VisualStudioVersion = 17.10.34916.146
MinimumVisualStudioVersion = 10.0.40219.1
Project("{9A19103F-16F7-4668-BE54-9A1E7A4F7556}") = "AuthApp2", "AuthApp2\AuthApp2.csproj", "{A42845D5-EAAB-49A3-9529-6334956A0611}"
EndProject
Global
	GlobalSection(SolutionConfigurationPlatforms) = preSolution
		Debug|Any CPU = Debug|Any CPU
		Release|Any CPU = Release|Any CPU
	EndGlobalSection
	GlobalSection(ProjectConfigurationPlatforms) = postSolution
		{A42845D5-EAAB-49A3-9529-6334956A0611}.Debug|Any CPU.ActiveCfg = Debug|Any CPU
		{A42845D5-EAAB-49A3-9529-6334956A0611}.Debug|Any CPU.Build.0 = Debug|Any CPU
		{A42845D5-EAAB-49A3-9529-6334956A0611}.Release|Any CPU.ActiveCfg = Release|Any CPU
		{A42845D5-EAAB-49A3-9529-6334956A0611}.Release|Any CPU.Build.0 = Release|Any CPU
	EndGlobalSection
	GlobalSection(SolutionProperties) = preSolution
		HideSolutionNode = FALSE
	EndGlobalSection
	GlobalSection(ExtensibilityGlobals) = postSolution
		SolutionGuid = {65E7B860-4AE8-44F8-BA6E-BD73553FF7AF}
	EndGlobalSection
EndGlobal
